
Microsoft Visual Studio Solution File, Format Version 12.00
# Visual Studio Version 17
VisualStudioVersion = 17.5.33516.290
MinimumVisualStudioVersion = 10.0.40219.1
Project("{FAE04EC0-301F-11D3-BF4B-00C04F79EFBC}") = "test-aspnet", "test-aspnet\test-aspnet.csproj", "{D727D017-5C90-4F15-AD6F-D20D818C8680}"
EndProject
Global
	GlobalSection(SolutionConfigurationPlatforms) = preSolution
		Debug|Any CPU = Debug|Any CPU
		Release|Any CPU = Release|Any CPU
	EndGlobalSection
	GlobalSection(ProjectConfigurationPlatforms) = postSolution
		{D727D017-5C90-4F15-AD6F-D20D818C8680}.Debug|Any CPU.ActiveCfg = Debug|Any CPU
		{D727D017-5C90-4F15-AD6F-D20D818C8680}.Debug|Any CPU.Build.0 = Debug|Any CPU
		{D727D017-5C90-4F15-AD6F-D20D818C8680}.Release|Any CPU.ActiveCfg = Release|Any CPU
		{D727D017-5C90-4F15-AD6F-D20D818C8680}.Release|Any CPU.Build.0 = Release|Any CPU
	EndGlobalSection
	GlobalSection(SolutionProperties) = preSolution
		HideSolutionNode = FALSE
	EndGlobalSection
	GlobalSection(ExtensibilityGlobals) = postSolution
		SolutionGuid = {331EFE21-E72E-4A27-A1AE-B759D5810E2F}
	EndGlobalSection
EndGlobal
